
Microsoft Visual Studio Solution File, Format Version 12.00
# Visual Studio Version 17
VisualStudioVersion = 17.7.34221.43
MinimumVisualStudioVersion = 10.0.40219.1
Project("{FAE04EC0-301F-11D3-BF4B-00C04F79EFBC}") = "ZavrsnaAplikacija", "ZavrsnaAplikacija\ZavrsnaAplikacija.csproj", "{1C40E0FF-CA90-4FCC-A4BC-0FED75CCEF2A}"
EndProject
Global
	GlobalSection(SolutionConfigurationPlatforms) = preSolution
		Debug|Any CPU = Debug|Any CPU
		Release|Any CPU = Release|Any CPU
	EndGlobalSection
	GlobalSection(ProjectConfigurationPlatforms) = postSolution
		{1C40E0FF-CA90-4FCC-A4BC-0FED75CCEF2A}.Debug|Any CPU.ActiveCfg = Debug|Any CPU
		{1C40E0FF-CA90-4FCC-A4BC-0FED75CCEF2A}.Debug|Any CPU.Build.0 = Debug|Any CPU
		{1C40E0FF-CA90-4FCC-A4BC-0FED75CCEF2A}.Release|Any CPU.ActiveCfg = Release|Any CPU
		{1C40E0FF-CA90-4FCC-A4BC-0FED75CCEF2A}.Release|Any CPU.Build.0 = Release|Any CPU
	EndGlobalSection
	GlobalSection(SolutionProperties) = preSolution
		HideSolutionNode = FALSE
	EndGlobalSection
	GlobalSection(ExtensibilityGlobals) = postSolution
		SolutionGuid = {2BF123E2-D891-481D-9355-981DF6F5A380}
	EndGlobalSection
EndGlobal
